{
  "originHash" : "6091ebc320a225d5fe7862b574ab1217a61529251e2a07b8a8706f5026533bb1",
  "pins" : [
    {
      "identity" : "llama.cpp",
      "kind" : "remoteSourceControl",
      "location" : "https://github.com/ggerganov/llama.cpp.git",
      "state" : {
        "revision" : "cc2983d3753c94a630ca7257723914d4c4f6122b"
      }
    }
  ],
  "version" : 3
}
